
Microsoft Visual Studio Solution File, Format Version 12.00
# Visual Studio Version 17
VisualStudioVersion = 17.2.32616.157
MinimumVisualStudioVersion = 10.0.40219.1
Project("{FAE04EC0-301F-11D3-BF4B-00C04F79EFBC}") = "LINELoginOIDCImplementationDemo", "LINELoginOIDCImplementationDemo.csproj", "{378132FF-C956-4DB1-B134-0B41A5D95A28}"
EndProject
Global
	GlobalSection(SolutionConfigurationPlatforms) = preSolution
		Debug|Any CPU = Debug|Any CPU
		Release|Any CPU = Release|Any CPU
	EndGlobalSection
	GlobalSection(ProjectConfigurationPlatforms) = postSolution
		{378132FF-C956-4DB1-B134-0B41A5D95A28}.Debug|Any CPU.ActiveCfg = Debug|Any CPU
		{378132FF-C956-4DB1-B134-0B41A5D95A28}.Debug|Any CPU.Build.0 = Debug|Any CPU
		{378132FF-C956-4DB1-B134-0B41A5D95A28}.Release|Any CPU.ActiveCfg = Release|Any CPU
		{378132FF-C956-4DB1-B134-0B41A5D95A28}.Release|Any CPU.Build.0 = Release|Any CPU
	EndGlobalSection
	GlobalSection(SolutionProperties) = preSolution
		HideSolutionNode = FALSE
	EndGlobalSection
	GlobalSection(ExtensibilityGlobals) = postSolution
		SolutionGuid = {66448DD5-64E4-46BB-A6F6-2A274CCE154C}
	EndGlobalSection
EndGlobal
